
Microsoft Visual Studio Solution File, Format Version 12.00
# Visual Studio Version 16
VisualStudioVersion = 16.0.29509.3
MinimumVisualStudioVersion = 10.0.40219.1
Project("{FAE04EC0-301F-11D3-BF4B-00C04F79EFBC}") = "GestWeb", "GestWeb\GestWeb.csproj", "{AB0D0C5D-C7E7-4FFE-BB23-BD369073ADAE}"
EndProject
Global
	GlobalSection(SolutionConfigurationPlatforms) = preSolution
		Debug|Any CPU = Debug|Any CPU
		Release|Any CPU = Release|Any CPU
	EndGlobalSection
	GlobalSection(ProjectConfigurationPlatforms) = postSolution
		{AB0D0C5D-C7E7-4FFE-BB23-BD369073ADAE}.Debug|Any CPU.ActiveCfg = Debug|Any CPU
		{AB0D0C5D-C7E7-4FFE-BB23-BD369073ADAE}.Debug|Any CPU.Build.0 = Debug|Any CPU
		{AB0D0C5D-C7E7-4FFE-BB23-BD369073ADAE}.Release|Any CPU.ActiveCfg = Release|Any CPU
		{AB0D0C5D-C7E7-4FFE-BB23-BD369073ADAE}.Release|Any CPU.Build.0 = Release|Any CPU
	EndGlobalSection
	GlobalSection(SolutionProperties) = preSolution
		HideSolutionNode = FALSE
	EndGlobalSection
	GlobalSection(ExtensibilityGlobals) = postSolution
		SolutionGuid = {C8DB7FE8-2276-4EBD-ADD0-8710C01B1141}
	EndGlobalSection
EndGlobal
